
Microsoft Visual Studio Solution File, Format Version 12.00
# Visual Studio Version 17
VisualStudioVersion = 17.8.34330.188
MinimumVisualStudioVersion = 10.0.40219.1
Project("{888888A0-9F3D-457C-B088-3A5042F75D52}") = "Country Application", "Country Application.pyproj", "{51DF08FD-34AB-4903-954E-F1CA561A00B3}"
EndProject
Global
	GlobalSection(SolutionConfigurationPlatforms) = preSolution
		Debug|Any CPU = Debug|Any CPU
		Release|Any CPU = Release|Any CPU
	EndGlobalSection
	GlobalSection(ProjectConfigurationPlatforms) = postSolution
		{51DF08FD-34AB-4903-954E-F1CA561A00B3}.Debug|Any CPU.ActiveCfg = Debug|Any CPU
		{51DF08FD-34AB-4903-954E-F1CA561A00B3}.Release|Any CPU.ActiveCfg = Release|Any CPU
	EndGlobalSection
	GlobalSection(SolutionProperties) = preSolution
		HideSolutionNode = FALSE
	EndGlobalSection
	GlobalSection(ExtensibilityGlobals) = postSolution
		SolutionGuid = {4A22B67D-AA38-4725-8DD1-83CE339D4914}
	EndGlobalSection
EndGlobal
